{
  "https://framer.com/m/Button-9Nlu.js": { "resolved": "https://framerusercontent.com/modules/huPESIrVO6TSfdioyqb9/9xmLjQK8WGThSq699pnS/fYrOFb2zP.js", "integrity": "sha512-akxt/JjFU8meLlQRKOb6FDit7Yzw81mHqMj85A264i/s+fvH4U88lESU+dKu7DyZANrtUCWwLZ/zxdKhb2Rneg==", "contentType": "text/javascript; charset=UTF-8" },
  "https://framer.com/m/Card-E72i.js": { "resolved": "https://framerusercontent.com/modules/5ncHZ22vIDFvHVQT1l8w/rQjd03OTablsq2ffXH4V/LayKyR8D1.js", "integrity": "sha512-ffH7IsgMunxQ+RPI47nyU3UEkoH4vcV+rz5ZTGIhi3NX2t9AqThRKUb5ngcJnvRutkyTg2Q8YJrzHWR19zDRfg==", "contentType": "text/javascript; charset=UTF-8" },
  "https://framerusercontent.com/modules/huPESIrVO6TSfdioyqb9/9xmLjQK8WGThSq699pnS/fYrOFb2zP.js": { "integrity": "sha512-akxt/JjFU8meLlQRKOb6FDit7Yzw81mHqMj85A264i/s+fvH4U88lESU+dKu7DyZANrtUCWwLZ/zxdKhb2Rneg==", "contentType": "text/javascript; charset=UTF-8" },
  "version": 1
}
